
Microsoft Visual Studio Solution File, Format Version 12.00
# Visual Studio 15
VisualStudioVersion = 15.0.28307.438
MinimumVisualStudioVersion = 10.0.40219.1
Project("{FAE04EC0-301F-11D3-BF4B-00C04F79EFBC}") = "JungleOverloading", "JungleOverloading\JungleOverloading.csproj", "{87701321-0DC1-4F51-8468-A909206AE7C6}"
EndProject
Global
	GlobalSection(SolutionConfigurationPlatforms) = preSolution
		Debug|Any CPU = Debug|Any CPU
		Release|Any CPU = Release|Any CPU
	EndGlobalSection
	GlobalSection(ProjectConfigurationPlatforms) = postSolution
		{87701321-0DC1-4F51-8468-A909206AE7C6}.Debug|Any CPU.ActiveCfg = Debug|Any CPU
		{87701321-0DC1-4F51-8468-A909206AE7C6}.Debug|Any CPU.Build.0 = Debug|Any CPU
		{87701321-0DC1-4F51-8468-A909206AE7C6}.Release|Any CPU.ActiveCfg = Release|Any CPU
		{87701321-0DC1-4F51-8468-A909206AE7C6}.Release|Any CPU.Build.0 = Release|Any CPU
	EndGlobalSection
	GlobalSection(SolutionProperties) = preSolution
		HideSolutionNode = FALSE
	EndGlobalSection
	GlobalSection(ExtensibilityGlobals) = postSolution
		SolutionGuid = {E59932CA-5650-4DE8-BF3F-3E296F68B8AE}
	EndGlobalSection
EndGlobal
